# This file is automatically @generated by Cargo.
# It is not intended for manual editing.
[[package]]
name = "multiple_alignment_format"
version = "0.1.0"
source = "git+https://github.com/Fede-Berga/maf_parser.git?branch=main#a12a8b84bc130ad06f387f8acf7ddcd10391e03d"

[[package]]
name = "variation_graph"
version = "0.1.0"
dependencies = [
 "multiple_alignment_format",
]
